
Microsoft Visual Studio Solution File, Format Version 12.00
# Visual Studio Version 16
VisualStudioVersion = 16.0.28803.352
MinimumVisualStudioVersion = 10.0.40219.1
Project("{FAE04EC0-301F-11D3-BF4B-00C04F79EFBC}") = "GoT", "GoT\GoT.csproj", "{DC19FFF6-5B30-4672-B25F-8DE8464634CB}"
EndProject
Global
	GlobalSection(SolutionConfigurationPlatforms) = preSolution
		Debug|Any CPU = Debug|Any CPU
		Release|Any CPU = Release|Any CPU
	EndGlobalSection
	GlobalSection(ProjectConfigurationPlatforms) = postSolution
		{DC19FFF6-5B30-4672-B25F-8DE8464634CB}.Debug|Any CPU.ActiveCfg = Debug|Any CPU
		{DC19FFF6-5B30-4672-B25F-8DE8464634CB}.Debug|Any CPU.Build.0 = Debug|Any CPU
		{DC19FFF6-5B30-4672-B25F-8DE8464634CB}.Release|Any CPU.ActiveCfg = Release|Any CPU
		{DC19FFF6-5B30-4672-B25F-8DE8464634CB}.Release|Any CPU.Build.0 = Release|Any CPU
	EndGlobalSection
	GlobalSection(SolutionProperties) = preSolution
		HideSolutionNode = FALSE
	EndGlobalSection
	GlobalSection(ExtensibilityGlobals) = postSolution
		SolutionGuid = {1E9C5B96-940B-442E-8ED5-59D04DF5D019}
	EndGlobalSection
EndGlobal
