
Microsoft Visual Studio Solution File, Format Version 12.00
# Visual Studio Version 16
VisualStudioVersion = 16.0.28803.352
MinimumVisualStudioVersion = 10.0.40219.1
Project("{9A19103F-16F7-4668-BE54-9A1E7A4F7556}") = "Metodos", "Metodos\Metodos.csproj", "{5F285E36-A6CA-4488-A0A2-2E5284398BA9}"
EndProject
Project("{9A19103F-16F7-4668-BE54-9A1E7A4F7556}") = "Ejercicio1y2", "Ejercicio1y2\Ejercicio1y2.csproj", "{2A76374E-D560-459E-97F8-E10DA751E3DC}"
EndProject
Project("{9A19103F-16F7-4668-BE54-9A1E7A4F7556}") = "Ejercicio3", "Ejercicio3\Ejercicio3.csproj", "{B9115DD7-6CD6-43CA-8E6A-E49327F0DD66}"
EndProject
Project("{FAE04EC0-301F-11D3-BF4B-00C04F79EFBC}") = "Ejercicio4", "Ejercicio4\Ejercicio4.csproj", "{0F4D5304-CADC-4CE3-8C62-306588412883}"
EndProject
Project("{FAE04EC0-301F-11D3-BF4B-00C04F79EFBC}") = "Ejercicio5", "Ejercicio5\Ejercicio5.csproj", "{6A537D13-251F-47C9-B575-DDBE5B063149}"
EndProject
Global
	GlobalSection(SolutionConfigurationPlatforms) = preSolution
		Debug|Any CPU = Debug|Any CPU
		Release|Any CPU = Release|Any CPU
	EndGlobalSection
	GlobalSection(ProjectConfigurationPlatforms) = postSolution
		{5F285E36-A6CA-4488-A0A2-2E5284398BA9}.Debug|Any CPU.ActiveCfg = Debug|Any CPU
		{5F285E36-A6CA-4488-A0A2-2E5284398BA9}.Debug|Any CPU.Build.0 = Debug|Any CPU
		{5F285E36-A6CA-4488-A0A2-2E5284398BA9}.Release|Any CPU.ActiveCfg = Release|Any CPU
		{5F285E36-A6CA-4488-A0A2-2E5284398BA9}.Release|Any CPU.Build.0 = Release|Any CPU
		{2A76374E-D560-459E-97F8-E10DA751E3DC}.Debug|Any CPU.ActiveCfg = Debug|Any CPU
		{2A76374E-D560-459E-97F8-E10DA751E3DC}.Debug|Any CPU.Build.0 = Debug|Any CPU
		{2A76374E-D560-459E-97F8-E10DA751E3DC}.Release|Any CPU.ActiveCfg = Release|Any CPU
		{2A76374E-D560-459E-97F8-E10DA751E3DC}.Release|Any CPU.Build.0 = Release|Any CPU
		{B9115DD7-6CD6-43CA-8E6A-E49327F0DD66}.Debug|Any CPU.ActiveCfg = Debug|Any CPU
		{B9115DD7-6CD6-43CA-8E6A-E49327F0DD66}.Debug|Any CPU.Build.0 = Debug|Any CPU
		{B9115DD7-6CD6-43CA-8E6A-E49327F0DD66}.Release|Any CPU.ActiveCfg = Release|Any CPU
		{B9115DD7-6CD6-43CA-8E6A-E49327F0DD66}.Release|Any CPU.Build.0 = Release|Any CPU
		{0F4D5304-CADC-4CE3-8C62-306588412883}.Debug|Any CPU.ActiveCfg = Debug|Any CPU
		{0F4D5304-CADC-4CE3-8C62-306588412883}.Debug|Any CPU.Build.0 = Debug|Any CPU
		{0F4D5304-CADC-4CE3-8C62-306588412883}.Release|Any CPU.ActiveCfg = Release|Any CPU
		{0F4D5304-CADC-4CE3-8C62-306588412883}.Release|Any CPU.Build.0 = Release|Any CPU
		{6A537D13-251F-47C9-B575-DDBE5B063149}.Debug|Any CPU.ActiveCfg = Debug|Any CPU
		{6A537D13-251F-47C9-B575-DDBE5B063149}.Debug|Any CPU.Build.0 = Debug|Any CPU
		{6A537D13-251F-47C9-B575-DDBE5B063149}.Release|Any CPU.ActiveCfg = Release|Any CPU
		{6A537D13-251F-47C9-B575-DDBE5B063149}.Release|Any CPU.Build.0 = Release|Any CPU
	EndGlobalSection
	GlobalSection(SolutionProperties) = preSolution
		HideSolutionNode = FALSE
	EndGlobalSection
	GlobalSection(ExtensibilityGlobals) = postSolution
		SolutionGuid = {0FC0E200-FAE4-4803-B538-28EF4252CA85}
	EndGlobalSection
EndGlobal
