
Microsoft Visual Studio Solution File, Format Version 12.00
# Visual Studio Version 16
VisualStudioVersion = 16.0.28803.352
MinimumVisualStudioVersion = 10.0.40219.1
Project("{FAE04EC0-301F-11D3-BF4B-00C04F79EFBC}") = "Metodos", "Metodos\Metodos.csproj", "{5F285E36-A6CA-4488-A0A2-2E5284398BA9}"
EndProject
Project("{FAE04EC0-301F-11D3-BF4B-00C04F79EFBC}") = "Ejercicio1y2", "Ejercicio1y2\Ejercicio1y2.csproj", "{2A76374E-D560-459E-97F8-E10DA751E3DC}"
EndProject
Global
	GlobalSection(SolutionConfigurationPlatforms) = preSolution
		Debug|Any CPU = Debug|Any CPU
		Release|Any CPU = Release|Any CPU
	EndGlobalSection
	GlobalSection(ProjectConfigurationPlatforms) = postSolution
		{5F285E36-A6CA-4488-A0A2-2E5284398BA9}.Debug|Any CPU.ActiveCfg = Debug|Any CPU
		{5F285E36-A6CA-4488-A0A2-2E5284398BA9}.Debug|Any CPU.Build.0 = Debug|Any CPU
		{5F285E36-A6CA-4488-A0A2-2E5284398BA9}.Release|Any CPU.ActiveCfg = Release|Any CPU
		{5F285E36-A6CA-4488-A0A2-2E5284398BA9}.Release|Any CPU.Build.0 = Release|Any CPU
		{2A76374E-D560-459E-97F8-E10DA751E3DC}.Debug|Any CPU.ActiveCfg = Debug|Any CPU
		{2A76374E-D560-459E-97F8-E10DA751E3DC}.Debug|Any CPU.Build.0 = Debug|Any CPU
		{2A76374E-D560-459E-97F8-E10DA751E3DC}.Release|Any CPU.ActiveCfg = Release|Any CPU
		{2A76374E-D560-459E-97F8-E10DA751E3DC}.Release|Any CPU.Build.0 = Release|Any CPU
	EndGlobalSection
	GlobalSection(SolutionProperties) = preSolution
		HideSolutionNode = FALSE
	EndGlobalSection
	GlobalSection(ExtensibilityGlobals) = postSolution
		SolutionGuid = {0FC0E200-FAE4-4803-B538-28EF4252CA85}
	EndGlobalSection
EndGlobal
