
Microsoft Visual Studio Solution File, Format Version 12.00
# Visual Studio Version 16
VisualStudioVersion = 16.0.28803.352
MinimumVisualStudioVersion = 10.0.40219.1
Project("{9A19103F-16F7-4668-BE54-9A1E7A4F7556}") = "List", "List\List.csproj", "{58734E39-4736-484C-B4E6-DA9660C1DB53}"
EndProject
Project("{9A19103F-16F7-4668-BE54-9A1E7A4F7556}") = "Ejercicio1", "Ejercicio1\Ejercicio1.csproj", "{88580A7B-D2A8-48AE-9B93-B2B80B322FF1}"
EndProject
Project("{9A19103F-16F7-4668-BE54-9A1E7A4F7556}") = "Ejercicio2", "Ejercicio2\Ejercicio2.csproj", "{4F0B61DF-F274-476F-BDCC-30DE9C483C48}"
EndProject
Project("{FAE04EC0-301F-11D3-BF4B-00C04F79EFBC}") = "Ejercicio3", "Ejercicio3\Ejercicio3.csproj", "{1D7B0B81-E22D-407B-B9E1-0605357373A0}"
EndProject
Project("{FAE04EC0-301F-11D3-BF4B-00C04F79EFBC}") = "Ejercicio4", "Ejercicio4\Ejercicio4.csproj", "{1F5B735E-E652-4F20-A0E6-337D8F730A92}"
EndProject
Project("{FAE04EC0-301F-11D3-BF4B-00C04F79EFBC}") = "Ejercicio5", "Ejercicio5\Ejercicio5.csproj", "{5176DCC7-E70E-4FC6-B261-AF9C5E2C1485}"
EndProject
Global
	GlobalSection(SolutionConfigurationPlatforms) = preSolution
		Debug|Any CPU = Debug|Any CPU
		Release|Any CPU = Release|Any CPU
	EndGlobalSection
	GlobalSection(ProjectConfigurationPlatforms) = postSolution
		{58734E39-4736-484C-B4E6-DA9660C1DB53}.Debug|Any CPU.ActiveCfg = Debug|Any CPU
		{58734E39-4736-484C-B4E6-DA9660C1DB53}.Debug|Any CPU.Build.0 = Debug|Any CPU
		{58734E39-4736-484C-B4E6-DA9660C1DB53}.Release|Any CPU.ActiveCfg = Release|Any CPU
		{58734E39-4736-484C-B4E6-DA9660C1DB53}.Release|Any CPU.Build.0 = Release|Any CPU
		{88580A7B-D2A8-48AE-9B93-B2B80B322FF1}.Debug|Any CPU.ActiveCfg = Debug|Any CPU
		{88580A7B-D2A8-48AE-9B93-B2B80B322FF1}.Debug|Any CPU.Build.0 = Debug|Any CPU
		{88580A7B-D2A8-48AE-9B93-B2B80B322FF1}.Release|Any CPU.ActiveCfg = Release|Any CPU
		{88580A7B-D2A8-48AE-9B93-B2B80B322FF1}.Release|Any CPU.Build.0 = Release|Any CPU
		{4F0B61DF-F274-476F-BDCC-30DE9C483C48}.Debug|Any CPU.ActiveCfg = Debug|Any CPU
		{4F0B61DF-F274-476F-BDCC-30DE9C483C48}.Debug|Any CPU.Build.0 = Debug|Any CPU
		{4F0B61DF-F274-476F-BDCC-30DE9C483C48}.Release|Any CPU.ActiveCfg = Release|Any CPU
		{4F0B61DF-F274-476F-BDCC-30DE9C483C48}.Release|Any CPU.Build.0 = Release|Any CPU
		{1D7B0B81-E22D-407B-B9E1-0605357373A0}.Debug|Any CPU.ActiveCfg = Debug|Any CPU
		{1D7B0B81-E22D-407B-B9E1-0605357373A0}.Debug|Any CPU.Build.0 = Debug|Any CPU
		{1D7B0B81-E22D-407B-B9E1-0605357373A0}.Release|Any CPU.ActiveCfg = Release|Any CPU
		{1D7B0B81-E22D-407B-B9E1-0605357373A0}.Release|Any CPU.Build.0 = Release|Any CPU
		{1F5B735E-E652-4F20-A0E6-337D8F730A92}.Debug|Any CPU.ActiveCfg = Debug|Any CPU
		{1F5B735E-E652-4F20-A0E6-337D8F730A92}.Debug|Any CPU.Build.0 = Debug|Any CPU
		{1F5B735E-E652-4F20-A0E6-337D8F730A92}.Release|Any CPU.ActiveCfg = Release|Any CPU
		{1F5B735E-E652-4F20-A0E6-337D8F730A92}.Release|Any CPU.Build.0 = Release|Any CPU
		{5176DCC7-E70E-4FC6-B261-AF9C5E2C1485}.Debug|Any CPU.ActiveCfg = Debug|Any CPU
		{5176DCC7-E70E-4FC6-B261-AF9C5E2C1485}.Debug|Any CPU.Build.0 = Debug|Any CPU
		{5176DCC7-E70E-4FC6-B261-AF9C5E2C1485}.Release|Any CPU.ActiveCfg = Release|Any CPU
		{5176DCC7-E70E-4FC6-B261-AF9C5E2C1485}.Release|Any CPU.Build.0 = Release|Any CPU
	EndGlobalSection
	GlobalSection(SolutionProperties) = preSolution
		HideSolutionNode = FALSE
	EndGlobalSection
	GlobalSection(ExtensibilityGlobals) = postSolution
		SolutionGuid = {8950E67C-7271-434E-A1A8-DC4715AAC761}
	EndGlobalSection
EndGlobal
