
Microsoft Visual Studio Solution File, Format Version 12.00
# Visual Studio Version 16
VisualStudioVersion = 16.0.28803.352
MinimumVisualStudioVersion = 10.0.40219.1
Project("{FAE04EC0-301F-11D3-BF4B-00C04F79EFBC}") = "Herencia", "Herencia\Herencia.csproj", "{9ECF576D-6880-4ECB-8C6B-51698C579FAC}"
EndProject
Project("{FAE04EC0-301F-11D3-BF4B-00C04F79EFBC}") = "SeleccionFutbol", "SeleccionFutbol\SeleccionFutbol.csproj", "{5A44F5D1-D404-4061-AF21-89392DC1187B}"
EndProject
Global
	GlobalSection(SolutionConfigurationPlatforms) = preSolution
		Debug|Any CPU = Debug|Any CPU
		Release|Any CPU = Release|Any CPU
	EndGlobalSection
	GlobalSection(ProjectConfigurationPlatforms) = postSolution
		{9ECF576D-6880-4ECB-8C6B-51698C579FAC}.Debug|Any CPU.ActiveCfg = Debug|Any CPU
		{9ECF576D-6880-4ECB-8C6B-51698C579FAC}.Debug|Any CPU.Build.0 = Debug|Any CPU
		{9ECF576D-6880-4ECB-8C6B-51698C579FAC}.Release|Any CPU.ActiveCfg = Release|Any CPU
		{9ECF576D-6880-4ECB-8C6B-51698C579FAC}.Release|Any CPU.Build.0 = Release|Any CPU
		{5A44F5D1-D404-4061-AF21-89392DC1187B}.Debug|Any CPU.ActiveCfg = Debug|Any CPU
		{5A44F5D1-D404-4061-AF21-89392DC1187B}.Debug|Any CPU.Build.0 = Debug|Any CPU
		{5A44F5D1-D404-4061-AF21-89392DC1187B}.Release|Any CPU.ActiveCfg = Release|Any CPU
		{5A44F5D1-D404-4061-AF21-89392DC1187B}.Release|Any CPU.Build.0 = Release|Any CPU
	EndGlobalSection
	GlobalSection(SolutionProperties) = preSolution
		HideSolutionNode = FALSE
	EndGlobalSection
	GlobalSection(ExtensibilityGlobals) = postSolution
		SolutionGuid = {89E32182-CF27-4697-B4A5-AFB003C25A22}
	EndGlobalSection
EndGlobal
