
Microsoft Visual Studio Solution File, Format Version 12.00
# Visual Studio Version 16
VisualStudioVersion = 16.0.28803.352
MinimumVisualStudioVersion = 10.0.40219.1
Project("{9A19103F-16F7-4668-BE54-9A1E7A4F7556}") = "Objetos", "Objetos\Objetos.csproj", "{24E4CAA2-6ECB-44AD-B3B8-D7B25C1B89E2}"
EndProject
Project("{9A19103F-16F7-4668-BE54-9A1E7A4F7556}") = "Ejercicio1", "Ejercicio1\Ejercicio1.csproj", "{0E62912C-97D8-4146-9B6E-73EF0BF70EA2}"
EndProject
Project("{9A19103F-16F7-4668-BE54-9A1E7A4F7556}") = "ObjetoRectangulo", "ObjetoRectangulo\ObjetoRectangulo.csproj", "{5931ABF0-6D78-4DEB-A21C-071CB8D27119}"
EndProject
Project("{9A19103F-16F7-4668-BE54-9A1E7A4F7556}") = "Ejercicio2", "Ejercicio2\Ejercicio2.csproj", "{1F65D8D8-E9F0-471E-9AC9-2FB289A8E02C}"
EndProject
Project("{9A19103F-16F7-4668-BE54-9A1E7A4F7556}") = "Ejercicio3", "Ejercicio3\Ejercicio3.csproj", "{B2E85590-972C-488B-927E-1A9129F7AB1E}"
EndProject
Project("{9A19103F-16F7-4668-BE54-9A1E7A4F7556}") = "Ejercicio4", "Ejercicio4\Ejercicio4.csproj", "{9A710F42-BE72-40C7-9D4E-1A07F0BA7F28}"
EndProject
Project("{9A19103F-16F7-4668-BE54-9A1E7A4F7556}") = "Ejercicio5", "Ejercicio5\Ejercicio5.csproj", "{69CD42ED-9843-49F8-8055-D2D5E33A6296}"
EndProject
Project("{FAE04EC0-301F-11D3-BF4B-00C04F79EFBC}") = "Ejercicio6", "Ejercicio6\Ejercicio6.csproj", "{B310BBDE-97E5-4782-A2A4-2513EE6D9FF2}"
EndProject
Global
	GlobalSection(SolutionConfigurationPlatforms) = preSolution
		Debug|Any CPU = Debug|Any CPU
		Release|Any CPU = Release|Any CPU
	EndGlobalSection
	GlobalSection(ProjectConfigurationPlatforms) = postSolution
		{24E4CAA2-6ECB-44AD-B3B8-D7B25C1B89E2}.Debug|Any CPU.ActiveCfg = Debug|Any CPU
		{24E4CAA2-6ECB-44AD-B3B8-D7B25C1B89E2}.Debug|Any CPU.Build.0 = Debug|Any CPU
		{24E4CAA2-6ECB-44AD-B3B8-D7B25C1B89E2}.Release|Any CPU.ActiveCfg = Release|Any CPU
		{24E4CAA2-6ECB-44AD-B3B8-D7B25C1B89E2}.Release|Any CPU.Build.0 = Release|Any CPU
		{0E62912C-97D8-4146-9B6E-73EF0BF70EA2}.Debug|Any CPU.ActiveCfg = Debug|Any CPU
		{0E62912C-97D8-4146-9B6E-73EF0BF70EA2}.Debug|Any CPU.Build.0 = Debug|Any CPU
		{0E62912C-97D8-4146-9B6E-73EF0BF70EA2}.Release|Any CPU.ActiveCfg = Release|Any CPU
		{0E62912C-97D8-4146-9B6E-73EF0BF70EA2}.Release|Any CPU.Build.0 = Release|Any CPU
		{5931ABF0-6D78-4DEB-A21C-071CB8D27119}.Debug|Any CPU.ActiveCfg = Debug|Any CPU
		{5931ABF0-6D78-4DEB-A21C-071CB8D27119}.Debug|Any CPU.Build.0 = Debug|Any CPU
		{5931ABF0-6D78-4DEB-A21C-071CB8D27119}.Release|Any CPU.ActiveCfg = Release|Any CPU
		{5931ABF0-6D78-4DEB-A21C-071CB8D27119}.Release|Any CPU.Build.0 = Release|Any CPU
		{1F65D8D8-E9F0-471E-9AC9-2FB289A8E02C}.Debug|Any CPU.ActiveCfg = Debug|Any CPU
		{1F65D8D8-E9F0-471E-9AC9-2FB289A8E02C}.Debug|Any CPU.Build.0 = Debug|Any CPU
		{1F65D8D8-E9F0-471E-9AC9-2FB289A8E02C}.Release|Any CPU.ActiveCfg = Release|Any CPU
		{1F65D8D8-E9F0-471E-9AC9-2FB289A8E02C}.Release|Any CPU.Build.0 = Release|Any CPU
		{B2E85590-972C-488B-927E-1A9129F7AB1E}.Debug|Any CPU.ActiveCfg = Debug|Any CPU
		{B2E85590-972C-488B-927E-1A9129F7AB1E}.Debug|Any CPU.Build.0 = Debug|Any CPU
		{B2E85590-972C-488B-927E-1A9129F7AB1E}.Release|Any CPU.ActiveCfg = Release|Any CPU
		{B2E85590-972C-488B-927E-1A9129F7AB1E}.Release|Any CPU.Build.0 = Release|Any CPU
		{9A710F42-BE72-40C7-9D4E-1A07F0BA7F28}.Debug|Any CPU.ActiveCfg = Debug|Any CPU
		{9A710F42-BE72-40C7-9D4E-1A07F0BA7F28}.Debug|Any CPU.Build.0 = Debug|Any CPU
		{9A710F42-BE72-40C7-9D4E-1A07F0BA7F28}.Release|Any CPU.ActiveCfg = Release|Any CPU
		{9A710F42-BE72-40C7-9D4E-1A07F0BA7F28}.Release|Any CPU.Build.0 = Release|Any CPU
		{69CD42ED-9843-49F8-8055-D2D5E33A6296}.Debug|Any CPU.ActiveCfg = Debug|Any CPU
		{69CD42ED-9843-49F8-8055-D2D5E33A6296}.Debug|Any CPU.Build.0 = Debug|Any CPU
		{69CD42ED-9843-49F8-8055-D2D5E33A6296}.Release|Any CPU.ActiveCfg = Release|Any CPU
		{69CD42ED-9843-49F8-8055-D2D5E33A6296}.Release|Any CPU.Build.0 = Release|Any CPU
		{B310BBDE-97E5-4782-A2A4-2513EE6D9FF2}.Debug|Any CPU.ActiveCfg = Debug|Any CPU
		{B310BBDE-97E5-4782-A2A4-2513EE6D9FF2}.Debug|Any CPU.Build.0 = Debug|Any CPU
		{B310BBDE-97E5-4782-A2A4-2513EE6D9FF2}.Release|Any CPU.ActiveCfg = Release|Any CPU
		{B310BBDE-97E5-4782-A2A4-2513EE6D9FF2}.Release|Any CPU.Build.0 = Release|Any CPU
	EndGlobalSection
	GlobalSection(SolutionProperties) = preSolution
		HideSolutionNode = FALSE
	EndGlobalSection
	GlobalSection(ExtensibilityGlobals) = postSolution
		SolutionGuid = {47C19992-1B6E-4B28-842B-7773CF3F347F}
	EndGlobalSection
EndGlobal
